
Microsoft Visual Studio Solution File, Format Version 12.00
# Visual Studio 15
VisualStudioVersion = 15.0.27703.2000
MinimumVisualStudioVersion = 10.0.40219.1
Project("{FAE04EC0-301F-11D3-BF4B-00C04F79EFBC}") = "Game", "Game\Game.csproj", "{C784BCE6-DFA1-4308-9AB3-0FF9DA845039}"
EndProject
Project("{FAE04EC0-301F-11D3-BF4B-00C04F79EFBC}") = "ImagesLibrary", "ImagesLibrary\ImagesLibrary.csproj", "{19A41349-5467-4482-98B3-C3C5676A5FAD}"
EndProject
Project("{FAE04EC0-301F-11D3-BF4B-00C04F79EFBC}") = "MVVMFramevork", "MVVMFramevork\MVVMFramevork.csproj", "{DFB79623-9182-40D3-910B-CC7953FAAEBA}"
EndProject
Global
	GlobalSection(SolutionConfigurationPlatforms) = preSolution
		Debug|Any CPU = Debug|Any CPU
		Release|Any CPU = Release|Any CPU
	EndGlobalSection
	GlobalSection(ProjectConfigurationPlatforms) = postSolution
		{C784BCE6-DFA1-4308-9AB3-0FF9DA845039}.Debug|Any CPU.ActiveCfg = Debug|Any CPU
		{C784BCE6-DFA1-4308-9AB3-0FF9DA845039}.Debug|Any CPU.Build.0 = Debug|Any CPU
		{C784BCE6-DFA1-4308-9AB3-0FF9DA845039}.Release|Any CPU.ActiveCfg = Release|Any CPU
		{C784BCE6-DFA1-4308-9AB3-0FF9DA845039}.Release|Any CPU.Build.0 = Release|Any CPU
		{19A41349-5467-4482-98B3-C3C5676A5FAD}.Debug|Any CPU.ActiveCfg = Debug|Any CPU
		{19A41349-5467-4482-98B3-C3C5676A5FAD}.Debug|Any CPU.Build.0 = Debug|Any CPU
		{19A41349-5467-4482-98B3-C3C5676A5FAD}.Release|Any CPU.ActiveCfg = Release|Any CPU
		{19A41349-5467-4482-98B3-C3C5676A5FAD}.Release|Any CPU.Build.0 = Release|Any CPU
		{DFB79623-9182-40D3-910B-CC7953FAAEBA}.Debug|Any CPU.ActiveCfg = Debug|Any CPU
		{DFB79623-9182-40D3-910B-CC7953FAAEBA}.Debug|Any CPU.Build.0 = Debug|Any CPU
		{DFB79623-9182-40D3-910B-CC7953FAAEBA}.Release|Any CPU.ActiveCfg = Release|Any CPU
		{DFB79623-9182-40D3-910B-CC7953FAAEBA}.Release|Any CPU.Build.0 = Release|Any CPU
	EndGlobalSection
	GlobalSection(SolutionProperties) = preSolution
		HideSolutionNode = FALSE
	EndGlobalSection
	GlobalSection(ExtensibilityGlobals) = postSolution
		SolutionGuid = {B00B285D-2C24-4753-BD67-97236DC4A900}
	EndGlobalSection
EndGlobal
